
Microsoft Visual Studio Solution File, Format Version 12.00
# Visual Studio Version 16
VisualStudioVersion = 16.0.33529.622
MinimumVisualStudioVersion = 10.0.40219.1
Project("{FAE04EC0-301F-11D3-BF4B-00C04F79EFBC}") = "pasori", "pasori\pasori.csproj", "{7DAB9F6C-77CD-4F91-9306-D97CA4F32F37}"
EndProject
Global
	GlobalSection(SolutionConfigurationPlatforms) = preSolution
		Debug|Any CPU = Debug|Any CPU
		Release|Any CPU = Release|Any CPU
	EndGlobalSection
	GlobalSection(ProjectConfigurationPlatforms) = postSolution
		{7DAB9F6C-77CD-4F91-9306-D97CA4F32F37}.Debug|Any CPU.ActiveCfg = Debug|Any CPU
		{7DAB9F6C-77CD-4F91-9306-D97CA4F32F37}.Debug|Any CPU.Build.0 = Debug|Any CPU
		{7DAB9F6C-77CD-4F91-9306-D97CA4F32F37}.Release|Any CPU.ActiveCfg = Release|Any CPU
		{7DAB9F6C-77CD-4F91-9306-D97CA4F32F37}.Release|Any CPU.Build.0 = Release|Any CPU
	EndGlobalSection
	GlobalSection(SolutionProperties) = preSolution
		HideSolutionNode = FALSE
	EndGlobalSection
	GlobalSection(ExtensibilityGlobals) = postSolution
		SolutionGuid = {710EAE63-84C9-4663-AC7F-B197E4CEDB62}
	EndGlobalSection
EndGlobal
